<?xml version="1.0" encoding="UTF-8"?>
<!DOCTYPE plist PUBLIC "-//Apple//DTD PLIST 1.0//EN" "http://www.apple.com/DTDs/PropertyList-1.0.dtd">
<plist version="1.0">
<dict>
	<key>archiveVersion</key>
	<string>1</string>
	<key>classes</key>
	<dict/>
	<key>objectVersion</key>
	<string>46</string>
	<key>objects</key>
	<dict>
		<key>8E6A44BAEEFA4EE18BFDE932</key>
		<dict>
			<key>buildActionMask</key>
			<string>2147483647</string>
			<key>files</key>
			<array/>
			<key>inputPaths</key>
			<array/>
			<key>isa</key>
			<string>PBXShellScriptBuildPhase</string>
			<key>name</key>
			<string>Check Pods Manifest.lock</string>
			<key>outputPaths</key>
			<array/>
			<key>runOnlyForDeploymentPostprocessing</key>
			<string>0</string>
			<key>shellPath</key>
			<string>/bin/sh</string>
			<key>shellScript</key>
			<string>diff "${PODS_ROOT}/../Podfile.lock" "${PODS_ROOT}/Manifest.lock" &gt; /dev/null
if [[ $? != 0 ]] ; then
    cat &lt;&lt; EOM
error: The sandbox is not in sync with the Podfile.lock. Run 'pod install' or update your CocoaPods installation.
EOM
    exit 1
fi
</string>
			<key>showEnvVarsInLog</key>
			<string>0</string>
		</dict>
		<key>974F2DAEBA214438BF3787B2</key>
		<dict>
			<key>buildActionMask</key>
			<string>2147483647</string>
			<key>files</key>
			<array/>
			<key>inputPaths</key>
			<array/>
			<key>isa</key>
			<string>PBXShellScriptBuildPhase</string>
			<key>name</key>
			<string>Copy Pods Resources</string>
			<key>outputPaths</key>
			<array/>
			<key>runOnlyForDeploymentPostprocessing</key>
			<string>0</string>
			<key>shellPath</key>
			<string>/bin/sh</string>
			<key>shellScript</key>
			<string>"${SRCROOT}/Pods/Pods-resources.sh"
</string>
			<key>showEnvVarsInLog</key>
			<string>0</string>
		</dict>
		<key>AA692E6A17AB9A1D00C1D207</key>
		<dict>
			<key>children</key>
			<array>
				<string>AA692E7E17AB9A1D00C1D207</string>
				<string>AA692EA917AB9A1D00C1D207</string>
				<string>AA692E7517AB9A1D00C1D207</string>
				<string>AA692E7417AB9A1D00C1D207</string>
				<string>B52732A0B26C434BB35ABDD7</string>
			</array>
			<key>isa</key>
			<string>PBXGroup</string>
			<key>sourceTree</key>
			<string>&lt;group&gt;</string>
		</dict>
		<key>AA692E6B17AB9A1D00C1D207</key>
		<dict>
			<key>attributes</key>
			<dict>
				<key>CLASSPREFIX</key>
				<string>DJW</string>
				<key>LastUpgradeCheck</key>
				<string>0460</string>
				<key>ORGANIZATIONNAME</key>
				<string>Steve Halford</string>
			</dict>
			<key>buildConfigurationList</key>
			<string>AA692E6E17AB9A1D00C1D207</string>
			<key>compatibilityVersion</key>
			<string>Xcode 3.2</string>
			<key>developmentRegion</key>
			<string>English</string>
			<key>hasScannedForEncodings</key>
			<string>0</string>
			<key>isa</key>
			<string>PBXProject</string>
			<key>knownRegions</key>
			<array>
				<string>en</string>
			</array>
			<key>mainGroup</key>
			<string>AA692E6A17AB9A1D00C1D207</string>
			<key>productRefGroup</key>
			<string>AA692E7417AB9A1D00C1D207</string>
			<key>projectDirPath</key>
			<string></string>
			<key>projectReferences</key>
			<array/>
			<key>projectRoot</key>
			<string></string>
			<key>targets</key>
			<array>
				<string>AA692E7217AB9A1D00C1D207</string>
				<string>AA692EA017AB9A1D00C1D207</string>
			</array>
		</dict>
		<key>AA692E6E17AB9A1D00C1D207</key>
		<dict>
			<key>buildConfigurations</key>
			<array>
				<string>AA692EB217AB9A1D00C1D207</string>
				<string>AA692EB317AB9A1D00C1D207</string>
			</array>
			<key>defaultConfigurationIsVisible</key>
			<string>0</string>
			<key>defaultConfigurationName</key>
			<string>Release</string>
			<key>isa</key>
			<string>XCConfigurationList</string>
		</dict>
		<key>AA692E6F17AB9A1D00C1D207</key>
		<dict>
			<key>buildActionMask</key>
			<string>2147483647</string>
			<key>files</key>
			<array>
				<string>AA692E8517AB9A1D00C1D207</string>
				<string>AA692E8917AB9A1D00C1D207</string>
				<string>AA692E9517AB9A1D00C1D207</string>
				<string>AA692E9817AB9A1D00C1D207</string>
				<string>AA692E9B17AB9A1D00C1D207</string>
			</array>
			<key>isa</key>
			<string>PBXSourcesBuildPhase</string>
			<key>runOnlyForDeploymentPostprocessing</key>
			<string>0</string>
		</dict>
		<key>AA692E7017AB9A1D00C1D207</key>
		<dict>
			<key>buildActionMask</key>
			<string>2147483647</string>
			<key>files</key>
			<array>
				<string>AA692E7717AB9A1D00C1D207</string>
				<string>AA692E7917AB9A1D00C1D207</string>
				<string>AA692E7B17AB9A1D00C1D207</string>
				<string>AA692E7D17AB9A1D00C1D207</string>
				<string>F66F20AAA701473DB96A7BB7</string>
			</array>
			<key>isa</key>
			<string>PBXFrameworksBuildPhase</string>
			<key>runOnlyForDeploymentPostprocessing</key>
			<string>0</string>
		</dict>
		<key>AA692E7117AB9A1D00C1D207</key>
		<dict>
			<key>buildActionMask</key>
			<string>2147483647</string>
			<key>files</key>
			<array>
				<string>AA692E8317AB9A1D00C1D207</string>
				<string>AA692E8B17AB9A1D00C1D207</string>
				<string>AA692E8D17AB9A1D00C1D207</string>
				<string>AA692E8F17AB9A1D00C1D207</string>
				<string>AA692E9217AB9A1D00C1D207</string>
			</array>
			<key>isa</key>
			<string>PBXResourcesBuildPhase</string>
			<key>runOnlyForDeploymentPostprocessing</key>
			<string>0</string>
		</dict>
		<key>AA692E7217AB9A1D00C1D207</key>
		<dict>
			<key>buildConfigurationList</key>
			<string>AA692EB417AB9A1D00C1D207</string>
			<key>buildPhases</key>
			<array>
				<string>8E6A44BAEEFA4EE18BFDE932</string>
				<string>AA692E6F17AB9A1D00C1D207</string>
				<string>AA692E7017AB9A1D00C1D207</string>
				<string>AA692E7117AB9A1D00C1D207</string>
				<string>974F2DAEBA214438BF3787B2</string>
			</array>
			<key>buildRules</key>
			<array/>
			<key>dependencies</key>
			<array/>
			<key>isa</key>
			<string>PBXNativeTarget</string>
			<key>name</key>
			<string>DJWApp</string>
			<key>productName</key>
			<string>DJWApp</string>
			<key>productReference</key>
			<string>AA692E7317AB9A1D00C1D207</string>
			<key>productType</key>
			<string>com.apple.product-type.application</string>
		</dict>
		<key>AA692E7317AB9A1D00C1D207</key>
		<dict>
			<key>explicitFileType</key>
			<string>wrapper.application</string>
			<key>includeInIndex</key>
			<string>0</string>
			<key>isa</key>
			<string>PBXFileReference</string>
			<key>path</key>
			<string>DJWApp.app</string>
			<key>sourceTree</key>
			<string>BUILT_PRODUCTS_DIR</string>
		</dict>
		<key>AA692E7417AB9A1D00C1D207</key>
		<dict>
			<key>children</key>
			<array>
				<string>AA692E7317AB9A1D00C1D207</string>
				<string>AA692EA117AB9A1D00C1D207</string>
			</array>
			<key>isa</key>
			<string>PBXGroup</string>
			<key>name</key>
			<string>Products</string>
			<key>sourceTree</key>
			<string>&lt;group&gt;</string>
		</dict>
		<key>AA692E7517AB9A1D00C1D207</key>
		<dict>
			<key>children</key>
			<array>
				<string>AA692E7617AB9A1D00C1D207</string>
				<string>AA692E7817AB9A1D00C1D207</string>
				<string>AA692E7A17AB9A1D00C1D207</string>
				<string>AA692E7C17AB9A1D00C1D207</string>
				<string>AA692EA217AB9A1D00C1D207</string>
				<string>E0198FEA60B649BD8D7D964F</string>
			</array>
			<key>isa</key>
			<string>PBXGroup</string>
			<key>name</key>
			<string>Frameworks</string>
			<key>sourceTree</key>
			<string>&lt;group&gt;</string>
		</dict>
		<key>AA692E7617AB9A1D00C1D207</key>
		<dict>
			<key>isa</key>
			<string>PBXFileReference</string>
			<key>lastKnownFileType</key>
			<string>wrapper.framework</string>
			<key>name</key>
			<string>UIKit.framework</string>
			<key>path</key>
			<string>System/Library/Frameworks/UIKit.framework</string>
			<key>sourceTree</key>
			<string>SDKROOT</string>
		</dict>
		<key>AA692E7717AB9A1D00C1D207</key>
		<dict>
			<key>fileRef</key>
			<string>AA692E7617AB9A1D00C1D207</string>
			<key>isa</key>
			<string>PBXBuildFile</string>
		</dict>
		<key>AA692E7817AB9A1D00C1D207</key>
		<dict>
			<key>isa</key>
			<string>PBXFileReference</string>
			<key>lastKnownFileType</key>
			<string>wrapper.framework</string>
			<key>name</key>
			<string>Foundation.framework</string>
			<key>path</key>
			<string>System/Library/Frameworks/Foundation.framework</string>
			<key>sourceTree</key>
			<string>SDKROOT</string>
		</dict>
		<key>AA692E7917AB9A1D00C1D207</key>
		<dict>
			<key>fileRef</key>
			<string>AA692E7817AB9A1D00C1D207</string>
			<key>isa</key>
			<string>PBXBuildFile</string>
		</dict>
		<key>AA692E7A17AB9A1D00C1D207</key>
		<dict>
			<key>isa</key>
			<string>PBXFileReference</string>
			<key>lastKnownFileType</key>
			<string>wrapper.framework</string>
			<key>name</key>
			<string>CoreGraphics.framework</string>
			<key>path</key>
			<string>System/Library/Frameworks/CoreGraphics.framework</string>
			<key>sourceTree</key>
			<string>SDKROOT</string>
		</dict>
		<key>AA692E7B17AB9A1D00C1D207</key>
		<dict>
			<key>fileRef</key>
			<string>AA692E7A17AB9A1D00C1D207</string>
			<key>isa</key>
			<string>PBXBuildFile</string>
		</dict>
		<key>AA692E7C17AB9A1D00C1D207</key>
		<dict>
			<key>isa</key>
			<string>PBXFileReference</string>
			<key>lastKnownFileType</key>
			<string>wrapper.framework</string>
			<key>name</key>
			<string>CoreData.framework</string>
			<key>path</key>
			<string>System/Library/Frameworks/CoreData.framework</string>
			<key>sourceTree</key>
			<string>SDKROOT</string>
		</dict>
		<key>AA692E7D17AB9A1D00C1D207</key>
		<dict>
			<key>fileRef</key>
			<string>AA692E7C17AB9A1D00C1D207</string>
			<key>isa</key>
			<string>PBXBuildFile</string>
		</dict>
		<key>AA692E7E17AB9A1D00C1D207</key>
		<dict>
			<key>children</key>
			<array>
				<string>AA692E8717AB9A1D00C1D207</string>
				<string>AA692E8817AB9A1D00C1D207</string>
				<string>AA692E9017AB9A1D00C1D207</string>
				<string>AA692E9617AB9A1D00C1D207</string>
				<string>AA692E9717AB9A1D00C1D207</string>
				<string>AA692E9917AB9A1D00C1D207</string>
				<string>AA692E9A17AB9A1D00C1D207</string>
				<string>AA692E9317AB9A1D00C1D207</string>
				<string>AA692E7F17AB9A1D00C1D207</string>
			</array>
			<key>isa</key>
			<string>PBXGroup</string>
			<key>path</key>
			<string>DJWApp</string>
			<key>sourceTree</key>
			<string>&lt;group&gt;</string>
		</dict>
		<key>AA692E7F17AB9A1D00C1D207</key>
		<dict>
			<key>children</key>
			<array>
				<string>AA692E8017AB9A1D00C1D207</string>
				<string>AA692E8117AB9A1D00C1D207</string>
				<string>AA692E8417AB9A1D00C1D207</string>
				<string>AA692E8617AB9A1D00C1D207</string>
				<string>AA692E8A17AB9A1D00C1D207</string>
				<string>AA692E8C17AB9A1D00C1D207</string>
				<string>AA692E8E17AB9A1D00C1D207</string>
			</array>
			<key>isa</key>
			<string>PBXGroup</string>
			<key>name</key>
			<string>Supporting Files</string>
			<key>sourceTree</key>
			<string>&lt;group&gt;</string>
		</dict>
		<key>AA692E8017AB9A1D00C1D207</key>
		<dict>
			<key>isa</key>
			<string>PBXFileReference</string>
			<key>lastKnownFileType</key>
			<string>text.plist.xml</string>
			<key>path</key>
			<string>DJWApp-Info.plist</string>
			<key>sourceTree</key>
			<string>&lt;group&gt;</string>
		</dict>
		<key>AA692E8117AB9A1D00C1D207</key>
		<dict>
			<key>children</key>
			<array>
				<string>AA692E8217AB9A1D00C1D207</string>
			</array>
			<key>isa</key>
			<string>PBXVariantGroup</string>
			<key>name</key>
			<string>InfoPlist.strings</string>
			<key>sourceTree</key>
			<string>&lt;group&gt;</string>
		</dict>
		<key>AA692E8217AB9A1D00C1D207</key>
		<dict>
			<key>isa</key>
			<string>PBXFileReference</string>
			<key>lastKnownFileType</key>
			<string>text.plist.strings</string>
			<key>name</key>
			<string>en</string>
			<key>path</key>
			<string>en.lproj/InfoPlist.strings</string>
			<key>sourceTree</key>
			<string>&lt;group&gt;</string>
		</dict>
		<key>AA692E8317AB9A1D00C1D207</key>
		<dict>
			<key>fileRef</key>
			<string>AA692E8117AB9A1D00C1D207</string>
			<key>isa</key>
			<string>PBXBuildFile</string>
		</dict>
		<key>AA692E8417AB9A1D00C1D207</key>
		<dict>
			<key>isa</key>
			<string>PBXFileReference</string>
			<key>lastKnownFileType</key>
			<string>sourcecode.c.objc</string>
			<key>path</key>
			<string>main.m</string>
			<key>sourceTree</key>
			<string>&lt;group&gt;</string>
		</dict>
		<key>AA692E8517AB9A1D00C1D207</key>
		<dict>
			<key>fileRef</key>
			<string>AA692E8417AB9A1D00C1D207</string>
			<key>isa</key>
			<string>PBXBuildFile</string>
		</dict>
		<key>AA692E8617AB9A1D00C1D207</key>
		<dict>
			<key>isa</key>
			<string>PBXFileReference</string>
			<key>lastKnownFileType</key>
			<string>sourcecode.c.h</string>
			<key>path</key>
			<string>DJWApp-Prefix.pch</string>
			<key>sourceTree</key>
			<string>&lt;group&gt;</string>
		</dict>
		<key>AA692E8717AB9A1D00C1D207</key>
		<dict>
			<key>isa</key>
			<string>PBXFileReference</string>
			<key>lastKnownFileType</key>
			<string>sourcecode.c.h</string>
			<key>path</key>
			<string>DJWAppDelegate.h</string>
			<key>sourceTree</key>
			<string>&lt;group&gt;</string>
		</dict>
		<key>AA692E8817AB9A1D00C1D207</key>
		<dict>
			<key>isa</key>
			<string>PBXFileReference</string>
			<key>lastKnownFileType</key>
			<string>sourcecode.c.objc</string>
			<key>path</key>
			<string>DJWAppDelegate.m</string>
			<key>sourceTree</key>
			<string>&lt;group&gt;</string>
		</dict>
		<key>AA692E8917AB9A1D00C1D207</key>
		<dict>
			<key>fileRef</key>
			<string>AA692E8817AB9A1D00C1D207</string>
			<key>isa</key>
			<string>PBXBuildFile</string>
		</dict>
		<key>AA692E8A17AB9A1D00C1D207</key>
		<dict>
			<key>isa</key>
			<string>PBXFileReference</string>
			<key>lastKnownFileType</key>
			<string>image.png</string>
			<key>path</key>
			<string>Default.png</string>
			<key>sourceTree</key>
			<string>&lt;group&gt;</string>
		</dict>
		<key>AA692E8B17AB9A1D00C1D207</key>
		<dict>
			<key>fileRef</key>
			<string>AA692E8A17AB9A1D00C1D207</string>
			<key>isa</key>
			<string>PBXBuildFile</string>
		</dict>
		<key>AA692E8C17AB9A1D00C1D207</key>
		<dict>
			<key>isa</key>
			<string>PBXFileReference</string>
			<key>lastKnownFileType</key>
			<string>image.png</string>
			<key>path</key>
			<string>Default@2x.png</string>
			<key>sourceTree</key>
			<string>&lt;group&gt;</string>
		</dict>
		<key>AA692E8D17AB9A1D00C1D207</key>
		<dict>
			<key>fileRef</key>
			<string>AA692E8C17AB9A1D00C1D207</string>
			<key>isa</key>
			<string>PBXBuildFile</string>
		</dict>
		<key>AA692E8E17AB9A1D00C1D207</key>
		<dict>
			<key>isa</key>
			<string>PBXFileReference</string>
			<key>lastKnownFileType</key>
			<string>image.png</string>
			<key>path</key>
			<string>Default-568h@2x.png</string>
			<key>sourceTree</key>
			<string>&lt;group&gt;</string>
		</dict>
		<key>AA692E8F17AB9A1D00C1D207</key>
		<dict>
			<key>fileRef</key>
			<string>AA692E8E17AB9A1D00C1D207</string>
			<key>isa</key>
			<string>PBXBuildFile</string>
		</dict>
		<key>AA692E9017AB9A1D00C1D207</key>
		<dict>
			<key>children</key>
			<array>
				<string>AA692E9117AB9A1D00C1D207</string>
			</array>
			<key>isa</key>
			<string>PBXVariantGroup</string>
			<key>name</key>
			<string>MainStoryboard.storyboard</string>
			<key>sourceTree</key>
			<string>&lt;group&gt;</string>
		</dict>
		<key>AA692E9117AB9A1D00C1D207</key>
		<dict>
			<key>isa</key>
			<string>PBXFileReference</string>
			<key>lastKnownFileType</key>
			<string>file.storyboard</string>
			<key>name</key>
			<string>en</string>
			<key>path</key>
			<string>en.lproj/MainStoryboard.storyboard</string>
			<key>sourceTree</key>
			<string>&lt;group&gt;</string>
		</dict>
		<key>AA692E9217AB9A1D00C1D207</key>
		<dict>
			<key>fileRef</key>
			<string>AA692E9017AB9A1D00C1D207</string>
			<key>isa</key>
			<string>PBXBuildFile</string>
		</dict>
		<key>AA692E9317AB9A1D00C1D207</key>
		<dict>
			<key>children</key>
			<array>
				<string>AA692E9417AB9A1D00C1D207</string>
			</array>
			<key>currentVersion</key>
			<string>AA692E9417AB9A1D00C1D207</string>
			<key>isa</key>
			<string>XCVersionGroup</string>
			<key>path</key>
			<string>DJWApp.xcdatamodeld</string>
			<key>sourceTree</key>
			<string>&lt;group&gt;</string>
			<key>versionGroupType</key>
			<string>wrapper.xcdatamodel</string>
		</dict>
		<key>AA692E9417AB9A1D00C1D207</key>
		<dict>
			<key>isa</key>
			<string>PBXFileReference</string>
			<key>lastKnownFileType</key>
			<string>wrapper.xcdatamodel</string>
			<key>path</key>
			<string>DJWApp.xcdatamodel</string>
			<key>sourceTree</key>
			<string>&lt;group&gt;</string>
		</dict>
		<key>AA692E9517AB9A1D00C1D207</key>
		<dict>
			<key>fileRef</key>
			<string>AA692E9317AB9A1D00C1D207</string>
			<key>isa</key>
			<string>PBXBuildFile</string>
		</dict>
		<key>AA692E9617AB9A1D00C1D207</key>
		<dict>
			<key>isa</key>
			<string>PBXFileReference</string>
			<key>lastKnownFileType</key>
			<string>sourcecode.c.h</string>
			<key>path</key>
			<string>DJWMasterViewController.h</string>
			<key>sourceTree</key>
			<string>&lt;group&gt;</string>
		</dict>
		<key>AA692E9717AB9A1D00C1D207</key>
		<dict>
			<key>isa</key>
			<string>PBXFileReference</string>
			<key>lastKnownFileType</key>
			<string>sourcecode.c.objc</string>
			<key>path</key>
			<string>DJWMasterViewController.m</string>
			<key>sourceTree</key>
			<string>&lt;group&gt;</string>
		</dict>
		<key>AA692E9817AB9A1D00C1D207</key>
		<dict>
			<key>fileRef</key>
			<string>AA692E9717AB9A1D00C1D207</string>
			<key>isa</key>
			<string>PBXBuildFile</string>
		</dict>
		<key>AA692E9917AB9A1D00C1D207</key>
		<dict>
			<key>isa</key>
			<string>PBXFileReference</string>
			<key>lastKnownFileType</key>
			<string>sourcecode.c.h</string>
			<key>path</key>
			<string>DJWDetailViewController.h</string>
			<key>sourceTree</key>
			<string>&lt;group&gt;</string>
		</dict>
		<key>AA692E9A17AB9A1D00C1D207</key>
		<dict>
			<key>isa</key>
			<string>PBXFileReference</string>
			<key>lastKnownFileType</key>
			<string>sourcecode.c.objc</string>
			<key>path</key>
			<string>DJWDetailViewController.m</string>
			<key>sourceTree</key>
			<string>&lt;group&gt;</string>
		</dict>
		<key>AA692E9B17AB9A1D00C1D207</key>
		<dict>
			<key>fileRef</key>
			<string>AA692E9A17AB9A1D00C1D207</string>
			<key>isa</key>
			<string>PBXBuildFile</string>
		</dict>
		<key>AA692E9C17AB9A1D00C1D207</key>
		<dict>
			<key>buildActionMask</key>
			<string>2147483647</string>
			<key>files</key>
			<array>
				<string>AA692EB117AB9A1D00C1D207</string>
			</array>
			<key>isa</key>
			<string>PBXSourcesBuildPhase</string>
			<key>runOnlyForDeploymentPostprocessing</key>
			<string>0</string>
		</dict>
		<key>AA692E9D17AB9A1D00C1D207</key>
		<dict>
			<key>buildActionMask</key>
			<string>2147483647</string>
			<key>files</key>
			<array>
				<string>AA692EA317AB9A1D00C1D207</string>
				<string>AA692EA417AB9A1D00C1D207</string>
				<string>AA692EA517AB9A1D00C1D207</string>
				<string>AA692EA617AB9A1D00C1D207</string>
			</array>
			<key>isa</key>
			<string>PBXFrameworksBuildPhase</string>
			<key>runOnlyForDeploymentPostprocessing</key>
			<string>0</string>
		</dict>
		<key>AA692E9E17AB9A1D00C1D207</key>
		<dict>
			<key>buildActionMask</key>
			<string>2147483647</string>
			<key>files</key>
			<array>
				<string>AA692EAE17AB9A1D00C1D207</string>
			</array>
			<key>isa</key>
			<string>PBXResourcesBuildPhase</string>
			<key>runOnlyForDeploymentPostprocessing</key>
			<string>0</string>
		</dict>
		<key>AA692E9F17AB9A1D00C1D207</key>
		<dict>
			<key>buildActionMask</key>
			<string>2147483647</string>
			<key>files</key>
			<array/>
			<key>inputPaths</key>
			<array/>
			<key>isa</key>
			<string>PBXShellScriptBuildPhase</string>
			<key>outputPaths</key>
			<array/>
			<key>runOnlyForDeploymentPostprocessing</key>
			<string>0</string>
			<key>shellPath</key>
			<string>/bin/sh</string>
			<key>shellScript</key>
			<string># Run the unit tests in this test bundle.
"${SYSTEM_DEVELOPER_DIR}/Tools/RunUnitTests"
</string>
		</dict>
		<key>AA692EA017AB9A1D00C1D207</key>
		<dict>
			<key>buildConfigurationList</key>
			<string>AA692EB717AB9A1D00C1D207</string>
			<key>buildPhases</key>
			<array>
				<string>AA692E9C17AB9A1D00C1D207</string>
				<string>AA692E9D17AB9A1D00C1D207</string>
				<string>AA692E9E17AB9A1D00C1D207</string>
				<string>AA692E9F17AB9A1D00C1D207</string>
			</array>
			<key>buildRules</key>
			<array/>
			<key>dependencies</key>
			<array>
				<string>AA692EA817AB9A1D00C1D207</string>
			</array>
			<key>isa</key>
			<string>PBXNativeTarget</string>
			<key>name</key>
			<string>DJWAppTests</string>
			<key>productName</key>
			<string>DJWAppTests</string>
			<key>productReference</key>
			<string>AA692EA117AB9A1D00C1D207</string>
			<key>productType</key>
			<string>com.apple.product-type.bundle</string>
		</dict>
		<key>AA692EA117AB9A1D00C1D207</key>
		<dict>
			<key>explicitFileType</key>
			<string>wrapper.cfbundle</string>
			<key>includeInIndex</key>
			<string>0</string>
			<key>isa</key>
			<string>PBXFileReference</string>
			<key>path</key>
			<string>DJWAppTests.octest</string>
			<key>sourceTree</key>
			<string>BUILT_PRODUCTS_DIR</string>
		</dict>
		<key>AA692EA217AB9A1D00C1D207</key>
		<dict>
			<key>isa</key>
			<string>PBXFileReference</string>
			<key>lastKnownFileType</key>
			<string>wrapper.framework</string>
			<key>name</key>
			<string>SenTestingKit.framework</string>
			<key>path</key>
			<string>Library/Frameworks/SenTestingKit.framework</string>
			<key>sourceTree</key>
			<string>DEVELOPER_DIR</string>
		</dict>
		<key>AA692EA317AB9A1D00C1D207</key>
		<dict>
			<key>fileRef</key>
			<string>AA692EA217AB9A1D00C1D207</string>
			<key>isa</key>
			<string>PBXBuildFile</string>
		</dict>
		<key>AA692EA417AB9A1D00C1D207</key>
		<dict>
			<key>fileRef</key>
			<string>AA692E7617AB9A1D00C1D207</string>
			<key>isa</key>
			<string>PBXBuildFile</string>
		</dict>
		<key>AA692EA517AB9A1D00C1D207</key>
		<dict>
			<key>fileRef</key>
			<string>AA692E7817AB9A1D00C1D207</string>
			<key>isa</key>
			<string>PBXBuildFile</string>
		</dict>
		<key>AA692EA617AB9A1D00C1D207</key>
		<dict>
			<key>fileRef</key>
			<string>AA692E7C17AB9A1D00C1D207</string>
			<key>isa</key>
			<string>PBXBuildFile</string>
		</dict>
		<key>AA692EA717AB9A1D00C1D207</key>
		<dict>
			<key>containerPortal</key>
			<string>AA692E6B17AB9A1D00C1D207</string>
			<key>isa</key>
			<string>PBXContainerItemProxy</string>
			<key>proxyType</key>
			<string>1</string>
			<key>remoteGlobalIDString</key>
			<string>AA692E7217AB9A1D00C1D207</string>
			<key>remoteInfo</key>
			<string>DJWApp</string>
		</dict>
		<key>AA692EA817AB9A1D00C1D207</key>
		<dict>
			<key>isa</key>
			<string>PBXTargetDependency</string>
			<key>target</key>
			<string>AA692E7217AB9A1D00C1D207</string>
			<key>targetProxy</key>
			<string>AA692EA717AB9A1D00C1D207</string>
		</dict>
		<key>AA692EA917AB9A1D00C1D207</key>
		<dict>
			<key>children</key>
			<array>
				<string>AA692EAF17AB9A1D00C1D207</string>
				<string>AA692EB017AB9A1D00C1D207</string>
				<string>AA692EAA17AB9A1D00C1D207</string>
			</array>
			<key>isa</key>
			<string>PBXGroup</string>
			<key>path</key>
			<string>DJWAppTests</string>
			<key>sourceTree</key>
			<string>&lt;group&gt;</string>
		</dict>
		<key>AA692EAA17AB9A1D00C1D207</key>
		<dict>
			<key>children</key>
			<array>
				<string>AA692EAB17AB9A1D00C1D207</string>
				<string>AA692EAC17AB9A1D00C1D207</string>
			</array>
			<key>isa</key>
			<string>PBXGroup</string>
			<key>name</key>
			<string>Supporting Files</string>
			<key>sourceTree</key>
			<string>&lt;group&gt;</string>
		</dict>
		<key>AA692EAB17AB9A1D00C1D207</key>
		<dict>
			<key>isa</key>
			<string>PBXFileReference</string>
			<key>lastKnownFileType</key>
			<string>text.plist.xml</string>
			<key>path</key>
			<string>DJWAppTests-Info.plist</string>
			<key>sourceTree</key>
			<string>&lt;group&gt;</string>
		</dict>
		<key>AA692EAC17AB9A1D00C1D207</key>
		<dict>
			<key>children</key>
			<array>
				<string>AA692EAD17AB9A1D00C1D207</string>
			</array>
			<key>isa</key>
			<string>PBXVariantGroup</string>
			<key>name</key>
			<string>InfoPlist.strings</string>
			<key>sourceTree</key>
			<string>&lt;group&gt;</string>
		</dict>
		<key>AA692EAD17AB9A1D00C1D207</key>
		<dict>
			<key>isa</key>
			<string>PBXFileReference</string>
			<key>lastKnownFileType</key>
			<string>text.plist.strings</string>
			<key>name</key>
			<string>en</string>
			<key>path</key>
			<string>en.lproj/InfoPlist.strings</string>
			<key>sourceTree</key>
			<string>&lt;group&gt;</string>
		</dict>
		<key>AA692EAE17AB9A1D00C1D207</key>
		<dict>
			<key>fileRef</key>
			<string>AA692EAC17AB9A1D00C1D207</string>
			<key>isa</key>
			<string>PBXBuildFile</string>
		</dict>
		<key>AA692EAF17AB9A1D00C1D207</key>
		<dict>
			<key>isa</key>
			<string>PBXFileReference</string>
			<key>lastKnownFileType</key>
			<string>sourcecode.c.h</string>
			<key>path</key>
			<string>DJWAppTests.h</string>
			<key>sourceTree</key>
			<string>&lt;group&gt;</string>
		</dict>
		<key>AA692EB017AB9A1D00C1D207</key>
		<dict>
			<key>isa</key>
			<string>PBXFileReference</string>
			<key>lastKnownFileType</key>
			<string>sourcecode.c.objc</string>
			<key>path</key>
			<string>DJWAppTests.m</string>
			<key>sourceTree</key>
			<string>&lt;group&gt;</string>
		</dict>
		<key>AA692EB117AB9A1D00C1D207</key>
		<dict>
			<key>fileRef</key>
			<string>AA692EB017AB9A1D00C1D207</string>
			<key>isa</key>
			<string>PBXBuildFile</string>
		</dict>
		<key>AA692EB217AB9A1D00C1D207</key>
		<dict>
			<key>buildSettings</key>
			<dict>
				<key>ALWAYS_SEARCH_USER_PATHS</key>
				<string>NO</string>
				<key>CLANG_CXX_LANGUAGE_STANDARD</key>
				<string>gnu++0x</string>
				<key>CLANG_CXX_LIBRARY</key>
				<string>libc++</string>
				<key>CLANG_ENABLE_OBJC_ARC</key>
				<string>YES</string>
				<key>CLANG_WARN_CONSTANT_CONVERSION</key>
				<string>YES</string>
				<key>CLANG_WARN_EMPTY_BODY</key>
				<string>YES</string>
				<key>CLANG_WARN_ENUM_CONVERSION</key>
				<string>YES</string>
				<key>CLANG_WARN_INT_CONVERSION</key>
				<string>YES</string>
				<key>CLANG_WARN__DUPLICATE_METHOD_MATCH</key>
				<string>YES</string>
				<key>CODE_SIGN_IDENTITY[sdk=iphoneos*]</key>
				<string>iPhone Developer</string>
				<key>COPY_PHASE_STRIP</key>
				<string>NO</string>
				<key>GCC_C_LANGUAGE_STANDARD</key>
				<string>gnu99</string>
				<key>GCC_DYNAMIC_NO_PIC</key>
				<string>NO</string>
				<key>GCC_OPTIMIZATION_LEVEL</key>
				<string>0</string>
				<key>GCC_PREPROCESSOR_DEFINITIONS</key>
				<array>
					<string>DEBUG=1</string>
					<string>$(inherited)</string>
				</array>
				<key>GCC_SYMBOLS_PRIVATE_EXTERN</key>
				<string>NO</string>
				<key>GCC_WARN_ABOUT_RETURN_TYPE</key>
				<string>YES</string>
				<key>GCC_WARN_UNINITIALIZED_AUTOS</key>
				<string>YES</string>
				<key>GCC_WARN_UNUSED_VARIABLE</key>
				<string>YES</string>
				<key>IPHONEOS_DEPLOYMENT_TARGET</key>
				<string>6.1</string>
				<key>ONLY_ACTIVE_ARCH</key>
				<string>YES</string>
				<key>SDKROOT</key>
				<string>iphoneos</string>
			</dict>
			<key>isa</key>
			<string>XCBuildConfiguration</string>
			<key>name</key>
			<string>Debug</string>
		</dict>
		<key>AA692EB317AB9A1D00C1D207</key>
		<dict>
			<key>buildSettings</key>
			<dict>
				<key>ALWAYS_SEARCH_USER_PATHS</key>
				<string>NO</string>
				<key>CLANG_CXX_LANGUAGE_STANDARD</key>
				<string>gnu++0x</string>
				<key>CLANG_CXX_LIBRARY</key>
				<string>libc++</string>
				<key>CLANG_ENABLE_OBJC_ARC</key>
				<string>YES</string>
				<key>CLANG_WARN_CONSTANT_CONVERSION</key>
				<string>YES</string>
				<key>CLANG_WARN_EMPTY_BODY</key>
				<string>YES</string>
				<key>CLANG_WARN_ENUM_CONVERSION</key>
				<string>YES</string>
				<key>CLANG_WARN_INT_CONVERSION</key>
				<string>YES</string>
				<key>CLANG_WARN__DUPLICATE_METHOD_MATCH</key>
				<string>YES</string>
				<key>CODE_SIGN_IDENTITY[sdk=iphoneos*]</key>
				<string>iPhone Developer</string>
				<key>COPY_PHASE_STRIP</key>
				<string>YES</string>
				<key>GCC_C_LANGUAGE_STANDARD</key>
				<string>gnu99</string>
				<key>GCC_WARN_ABOUT_RETURN_TYPE</key>
				<string>YES</string>
				<key>GCC_WARN_UNINITIALIZED_AUTOS</key>
				<string>YES</string>
				<key>GCC_WARN_UNUSED_VARIABLE</key>
				<string>YES</string>
				<key>IPHONEOS_DEPLOYMENT_TARGET</key>
				<string>6.1</string>
				<key>OTHER_CFLAGS</key>
				<string>-DNS_BLOCK_ASSERTIONS=1</string>
				<key>SDKROOT</key>
				<string>iphoneos</string>
				<key>VALIDATE_PRODUCT</key>
				<string>YES</string>
			</dict>
			<key>isa</key>
			<string>XCBuildConfiguration</string>
			<key>name</key>
			<string>Release</string>
		</dict>
		<key>AA692EB417AB9A1D00C1D207</key>
		<dict>
			<key>buildConfigurations</key>
			<array>
				<string>AA692EB517AB9A1D00C1D207</string>
				<string>AA692EB617AB9A1D00C1D207</string>
			</array>
			<key>defaultConfigurationIsVisible</key>
			<string>0</string>
			<key>isa</key>
			<string>XCConfigurationList</string>
		</dict>
		<key>AA692EB517AB9A1D00C1D207</key>
		<dict>
			<key>baseConfigurationReference</key>
			<string>B52732A0B26C434BB35ABDD7</string>
			<key>buildSettings</key>
			<dict>
				<key>GCC_PRECOMPILE_PREFIX_HEADER</key>
				<string>YES</string>
				<key>GCC_PREFIX_HEADER</key>
				<string>DJWApp/DJWApp-Prefix.pch</string>
				<key>INFOPLIST_FILE</key>
				<string>DJWApp/DJWApp-Info.plist</string>
				<key>PRODUCT_NAME</key>
				<string>$(TARGET_NAME)</string>
				<key>WRAPPER_EXTENSION</key>
				<string>app</string>
			</dict>
			<key>isa</key>
			<string>XCBuildConfiguration</string>
			<key>name</key>
			<string>Debug</string>
		</dict>
		<key>AA692EB617AB9A1D00C1D207</key>
		<dict>
			<key>baseConfigurationReference</key>
			<string>B52732A0B26C434BB35ABDD7</string>
			<key>buildSettings</key>
			<dict>
				<key>GCC_PRECOMPILE_PREFIX_HEADER</key>
				<string>YES</string>
				<key>GCC_PREFIX_HEADER</key>
				<string>DJWApp/DJWApp-Prefix.pch</string>
				<key>INFOPLIST_FILE</key>
				<string>DJWApp/DJWApp-Info.plist</string>
				<key>PRODUCT_NAME</key>
				<string>$(TARGET_NAME)</string>
				<key>WRAPPER_EXTENSION</key>
				<string>app</string>
			</dict>
			<key>isa</key>
			<string>XCBuildConfiguration</string>
			<key>name</key>
			<string>Release</string>
		</dict>
		<key>AA692EB717AB9A1D00C1D207</key>
		<dict>
			<key>buildConfigurations</key>
			<array>
				<string>AA692EB817AB9A1D00C1D207</string>
				<string>AA692EB917AB9A1D00C1D207</string>
			</array>
			<key>defaultConfigurationIsVisible</key>
			<string>0</string>
			<key>isa</key>
			<string>XCConfigurationList</string>
		</dict>
		<key>AA692EB817AB9A1D00C1D207</key>
		<dict>
			<key>buildSettings</key>
			<dict>
				<key>BUNDLE_LOADER</key>
				<string>$(BUILT_PRODUCTS_DIR)/DJWApp.app/DJWApp</string>
				<key>FRAMEWORK_SEARCH_PATHS</key>
				<array>
					<string>"$(SDKROOT)/Developer/Library/Frameworks"</string>
					<string>"$(DEVELOPER_LIBRARY_DIR)/Frameworks"</string>
				</array>
				<key>GCC_PRECOMPILE_PREFIX_HEADER</key>
				<string>YES</string>
				<key>GCC_PREFIX_HEADER</key>
				<string>DJWApp/DJWApp-Prefix.pch</string>
				<key>INFOPLIST_FILE</key>
				<string>DJWAppTests/DJWAppTests-Info.plist</string>
				<key>PRODUCT_NAME</key>
				<string>$(TARGET_NAME)</string>
				<key>TEST_HOST</key>
				<string>$(BUNDLE_LOADER)</string>
				<key>WRAPPER_EXTENSION</key>
				<string>octest</string>
			</dict>
			<key>isa</key>
			<string>XCBuildConfiguration</string>
			<key>name</key>
			<string>Debug</string>
		</dict>
		<key>AA692EB917AB9A1D00C1D207</key>
		<dict>
			<key>buildSettings</key>
			<dict>
				<key>BUNDLE_LOADER</key>
				<string>$(BUILT_PRODUCTS_DIR)/DJWApp.app/DJWApp</string>
				<key>FRAMEWORK_SEARCH_PATHS</key>
				<array>
					<string>"$(SDKROOT)/Developer/Library/Frameworks"</string>
					<string>"$(DEVELOPER_LIBRARY_DIR)/Frameworks"</string>
				</array>
				<key>GCC_PRECOMPILE_PREFIX_HEADER</key>
				<string>YES</string>
				<key>GCC_PREFIX_HEADER</key>
				<string>DJWApp/DJWApp-Prefix.pch</string>
				<key>INFOPLIST_FILE</key>
				<string>DJWAppTests/DJWAppTests-Info.plist</string>
				<key>PRODUCT_NAME</key>
				<string>$(TARGET_NAME)</string>
				<key>TEST_HOST</key>
				<string>$(BUNDLE_LOADER)</string>
				<key>WRAPPER_EXTENSION</key>
				<string>octest</string>
			</dict>
			<key>isa</key>
			<string>XCBuildConfiguration</string>
			<key>name</key>
			<string>Release</string>
		</dict>
		<key>B52732A0B26C434BB35ABDD7</key>
		<dict>
			<key>includeInIndex</key>
			<string>1</string>
			<key>isa</key>
			<string>PBXFileReference</string>
			<key>lastKnownFileType</key>
			<string>text.xcconfig</string>
			<key>name</key>
			<string>Pods.xcconfig</string>
			<key>path</key>
			<string>Pods/Pods.xcconfig</string>
			<key>sourceTree</key>
			<string>SOURCE_ROOT</string>
		</dict>
		<key>E0198FEA60B649BD8D7D964F</key>
		<dict>
			<key>explicitFileType</key>
			<string>archive.ar</string>
			<key>includeInIndex</key>
			<string>0</string>
			<key>isa</key>
			<string>PBXFileReference</string>
			<key>path</key>
			<string>libPods.a</string>
			<key>sourceTree</key>
			<string>BUILT_PRODUCTS_DIR</string>
		</dict>
		<key>F66F20AAA701473DB96A7BB7</key>
		<dict>
			<key>fileRef</key>
			<string>E0198FEA60B649BD8D7D964F</string>
			<key>isa</key>
			<string>PBXBuildFile</string>
		</dict>
	</dict>
	<key>rootObject</key>
	<string>AA692E6B17AB9A1D00C1D207</string>
</dict>
</plist>
